{
  "name": "Inspect-Pane",
  "version": "1.0.0",
  "lockfileVersion": 2,
  "requires": true,
  "packages": {
    "": {
      "name": "Inspect-Pane",
      "version": "1.0.0",
      "dependencies": {
        "@figma-plugin/helpers": "^0.15.2"
      },
      "devDependencies": {
        "@figma/plugin-typings": "^1.85.0",
        "typescript": "*"
      }
    },
    "node_modules/@figma-plugin/helpers": {
      "version": "0.15.2",
      "resolved": "https://registry.npmjs.org/@figma-plugin/helpers/-/helpers-0.15.2.tgz",
      "integrity": "sha512-ggFxoefZKc0D/HJXFHqliLWCLQG3QTbByHqgiSpTK0D76qTDv2fpcF9bytjSMVnc4flD7Rq17tLNP/WmaJt3dA==",
      "dependencies": {
        "lodash": "^4.17.15",
        "matrix-inverse": "^1.0.1"
      }
    },
    "node_modules/@figma/plugin-typings": {
      "version": "1.85.0",
      "resolved": "https://registry.npmjs.org/@figma/plugin-typings/-/plugin-typings-1.85.0.tgz",
      "integrity": "sha512-o6oJ4FrjBIVbwteJ6DbCvjU8UXbN9QzA5FgjNosTE+HpwntPSEbpVFPkgEFuI1G/GhJXrhXR8/QcuBabwZ+JLw==",
      "dev": true
    },
    "node_modules/lodash": {
      "version": "4.17.21",
      "resolved": "https://registry.npmjs.org/lodash/-/lodash-4.17.21.tgz",
      "integrity": "sha512-v2kDEe57lecTulaDIuNTPy3Ry4gLGJ6Z1O3vE1krgXZNrsQ+LFTGHVxVjcXPs17LhbZVGedAJv8XZ1tvj5FvSg=="
    },
    "node_modules/matrix-inverse": {
      "version": "1.0.1",
      "resolved": "https://registry.npmjs.org/matrix-inverse/-/matrix-inverse-1.0.1.tgz",
      "integrity": "sha512-ubaJ6vEJfpsRpOLYLJN3bCW3VbO2t0OtZIfausKiizsPNCvCXsWsLMR8jm4zmi8bSnodp3ht25iqdpSe0wIbxg=="
    },
    "node_modules/typescript": {
      "version": "5.3.3",
      "resolved": "https://registry.npmjs.org/typescript/-/typescript-5.3.3.tgz",
      "integrity": "sha512-pXWcraxM0uxAS+tN0AG/BF2TyqmHO014Z070UsJ+pFvYuRSq8KH8DmWpnbXe0pEPDHXZV3FcAbJkijJ5oNEnWw==",
      "dev": true,
      "bin": {
        "tsc": "bin/tsc",
        "tsserver": "bin/tsserver"
      },
      "engines": {
        "node": ">=14.17"
      }
    }
  },
  "dependencies": {
    "@figma-plugin/helpers": {
      "version": "0.15.2",
      "resolved": "https://registry.npmjs.org/@figma-plugin/helpers/-/helpers-0.15.2.tgz",
      "integrity": "sha512-ggFxoefZKc0D/HJXFHqliLWCLQG3QTbByHqgiSpTK0D76qTDv2fpcF9bytjSMVnc4flD7Rq17tLNP/WmaJt3dA==",
      "requires": {
        "lodash": "^4.17.15",
        "matrix-inverse": "^1.0.1"
      }
    },
    "@figma/plugin-typings": {
      "version": "1.85.0",
      "resolved": "https://registry.npmjs.org/@figma/plugin-typings/-/plugin-typings-1.85.0.tgz",
      "integrity": "sha512-o6oJ4FrjBIVbwteJ6DbCvjU8UXbN9QzA5FgjNosTE+HpwntPSEbpVFPkgEFuI1G/GhJXrhXR8/QcuBabwZ+JLw==",
      "dev": true
    },
    "lodash": {
      "version": "4.17.21",
      "resolved": "https://registry.npmjs.org/lodash/-/lodash-4.17.21.tgz",
      "integrity": "sha512-v2kDEe57lecTulaDIuNTPy3Ry4gLGJ6Z1O3vE1krgXZNrsQ+LFTGHVxVjcXPs17LhbZVGedAJv8XZ1tvj5FvSg=="
    },
    "matrix-inverse": {
      "version": "1.0.1",
      "resolved": "https://registry.npmjs.org/matrix-inverse/-/matrix-inverse-1.0.1.tgz",
      "integrity": "sha512-ubaJ6vEJfpsRpOLYLJN3bCW3VbO2t0OtZIfausKiizsPNCvCXsWsLMR8jm4zmi8bSnodp3ht25iqdpSe0wIbxg=="
    },
    "typescript": {
      "version": "5.3.3",
      "resolved": "https://registry.npmjs.org/typescript/-/typescript-5.3.3.tgz",
      "integrity": "sha512-pXWcraxM0uxAS+tN0AG/BF2TyqmHO014Z070UsJ+pFvYuRSq8KH8DmWpnbXe0pEPDHXZV3FcAbJkijJ5oNEnWw==",
      "dev": true
    }
  }
}
